
Microsoft Visual Studio Solution File, Format Version 12.00
# Visual Studio Version 17
VisualStudioVersion = 17.14.36203.30
MinimumVisualStudioVersion = 10.0.40219.1
Project("{2150E333-8FDC-42A3-9474-1A3956D46DE8}") = "src", "src", "{02EA681E-C7D8-13C7-8484-4AC65E1B71E8}"
EndProject
Project("{2150E333-8FDC-42A3-9474-1A3956D46DE8}") = "Application", "Application", "{0E7DF8C7-32D4-4C66-ADEC-0722A398AF0F}"
EndProject
Project("{2150E333-8FDC-42A3-9474-1A3956D46DE8}") = "Domain", "Domain", "{EE0506D5-C65B-4407-B461-EA3C6989B85B}"
EndProject
Project("{2150E333-8FDC-42A3-9474-1A3956D46DE8}") = "Infrastructure", "Infrastructure", "{938EBF05-A7EA-45B9-814E-674C6DFD07AA}"
EndProject
Project("{2150E333-8FDC-42A3-9474-1A3956D46DE8}") = "Presentation", "Presentation", "{13BEC1B5-A193-4F87-A673-5A12BC6C5580}"
EndProject
Project("{FAE04EC0-301F-11D3-BF4B-00C04F79EFBC}") = "App.Core", "App.Core\App.Core.csproj", "{24AC023E-9487-414A-8EE8-9494F4BE48FE}"
EndProject
Project("{FAE04EC0-301F-11D3-BF4B-00C04F79EFBC}") = "Domain", "Domain\Domain.csproj", "{C156B734-B520-4A0A-82AD-47ECD391524E}"
EndProject
Project("{FAE04EC0-301F-11D3-BF4B-00C04F79EFBC}") = "Infra", "Infra\Infra.csproj", "{50687877-E2BB-4C36-93A4-70B9D61E2239}"
EndProject
Project("{FAE04EC0-301F-11D3-BF4B-00C04F79EFBC}") = "CareBridge", "CareBridge\CareBridge\CareBridge.csproj", "{EE1BED63-C5C9-42FC-AE85-41BEF04D00F5}"
EndProject
Project("{FAE04EC0-301F-11D3-BF4B-00C04F79EFBC}") = "CareBridge.Client", "CareBridge\CareBridge.Client\CareBridge.Client.csproj", "{EA445937-7C3E-4C3F-AD8F-FFF5C15FFF9A}"
EndProject
Global
	GlobalSection(SolutionConfigurationPlatforms) = preSolution
		Debug|Any CPU = Debug|Any CPU
		Release|Any CPU = Release|Any CPU
	EndGlobalSection
	GlobalSection(ProjectConfigurationPlatforms) = postSolution
		{24AC023E-9487-414A-8EE8-9494F4BE48FE}.Debug|Any CPU.ActiveCfg = Debug|Any CPU
		{24AC023E-9487-414A-8EE8-9494F4BE48FE}.Debug|Any CPU.Build.0 = Debug|Any CPU
		{24AC023E-9487-414A-8EE8-9494F4BE48FE}.Release|Any CPU.ActiveCfg = Release|Any CPU
		{24AC023E-9487-414A-8EE8-9494F4BE48FE}.Release|Any CPU.Build.0 = Release|Any CPU
		{C156B734-B520-4A0A-82AD-47ECD391524E}.Debug|Any CPU.ActiveCfg = Debug|Any CPU
		{C156B734-B520-4A0A-82AD-47ECD391524E}.Debug|Any CPU.Build.0 = Debug|Any CPU
		{C156B734-B520-4A0A-82AD-47ECD391524E}.Release|Any CPU.ActiveCfg = Release|Any CPU
		{C156B734-B520-4A0A-82AD-47ECD391524E}.Release|Any CPU.Build.0 = Release|Any CPU
		{50687877-E2BB-4C36-93A4-70B9D61E2239}.Debug|Any CPU.ActiveCfg = Debug|Any CPU
		{50687877-E2BB-4C36-93A4-70B9D61E2239}.Debug|Any CPU.Build.0 = Debug|Any CPU
		{50687877-E2BB-4C36-93A4-70B9D61E2239}.Release|Any CPU.ActiveCfg = Release|Any CPU
		{50687877-E2BB-4C36-93A4-70B9D61E2239}.Release|Any CPU.Build.0 = Release|Any CPU
		{EE1BED63-C5C9-42FC-AE85-41BEF04D00F5}.Debug|Any CPU.ActiveCfg = Debug|Any CPU
		{EE1BED63-C5C9-42FC-AE85-41BEF04D00F5}.Debug|Any CPU.Build.0 = Debug|Any CPU
		{EE1BED63-C5C9-42FC-AE85-41BEF04D00F5}.Release|Any CPU.ActiveCfg = Release|Any CPU
		{EE1BED63-C5C9-42FC-AE85-41BEF04D00F5}.Release|Any CPU.Build.0 = Release|Any CPU
		{EA445937-7C3E-4C3F-AD8F-FFF5C15FFF9A}.Debug|Any CPU.ActiveCfg = Debug|Any CPU
		{EA445937-7C3E-4C3F-AD8F-FFF5C15FFF9A}.Debug|Any CPU.Build.0 = Debug|Any CPU
		{EA445937-7C3E-4C3F-AD8F-FFF5C15FFF9A}.Release|Any CPU.ActiveCfg = Release|Any CPU
		{EA445937-7C3E-4C3F-AD8F-FFF5C15FFF9A}.Release|Any CPU.Build.0 = Release|Any CPU
	EndGlobalSection
	GlobalSection(SolutionProperties) = preSolution
		HideSolutionNode = FALSE
	EndGlobalSection
	GlobalSection(NestedProjects) = preSolution
		{0E7DF8C7-32D4-4C66-ADEC-0722A398AF0F} = {02EA681E-C7D8-13C7-8484-4AC65E1B71E8}
		{EE0506D5-C65B-4407-B461-EA3C6989B85B} = {02EA681E-C7D8-13C7-8484-4AC65E1B71E8}
		{938EBF05-A7EA-45B9-814E-674C6DFD07AA} = {02EA681E-C7D8-13C7-8484-4AC65E1B71E8}
		{13BEC1B5-A193-4F87-A673-5A12BC6C5580} = {02EA681E-C7D8-13C7-8484-4AC65E1B71E8}
		{24AC023E-9487-414A-8EE8-9494F4BE48FE} = {0E7DF8C7-32D4-4C66-ADEC-0722A398AF0F}
		{C156B734-B520-4A0A-82AD-47ECD391524E} = {EE0506D5-C65B-4407-B461-EA3C6989B85B}
		{50687877-E2BB-4C36-93A4-70B9D61E2239} = {938EBF05-A7EA-45B9-814E-674C6DFD07AA}
		{EE1BED63-C5C9-42FC-AE85-41BEF04D00F5} = {13BEC1B5-A193-4F87-A673-5A12BC6C5580}
		{EA445937-7C3E-4C3F-AD8F-FFF5C15FFF9A} = {13BEC1B5-A193-4F87-A673-5A12BC6C5580}
	EndGlobalSection
	GlobalSection(ExtensibilityGlobals) = postSolution
		SolutionGuid = {86228DC5-9ABD-4E37-A778-261FCEE520C1}
	EndGlobalSection
EndGlobal
