
Microsoft Visual Studio Solution File, Format Version 12.00
# Visual Studio Version 17
VisualStudioVersion = 17.14.36203.30
MinimumVisualStudioVersion = 10.0.40219.1
Project("{9A19103F-16F7-4668-BE54-9A1E7A4F7556}") = "CareBridge", "CareBridge\CareBridge\CareBridge.csproj", "{EE1BED63-C5C9-42FC-AE85-41BEF04D00F5}"
EndProject
Project("{9A19103F-16F7-4668-BE54-9A1E7A4F7556}") = "CareBridge.Client", "CareBridge\CareBridge.Client\CareBridge.Client.csproj", "{EA445937-7C3E-4C3F-AD8F-FFF5C15FFF9A}"
EndProject
Project("{9A19103F-16F7-4668-BE54-9A1E7A4F7556}") = "SharedUI", "SharedUI\SharedUI.csproj", "{5B8F5121-591B-41A6-83D3-B8A9E0130663}"
EndProject
Project("{2150E333-8FDC-42A3-9474-1A3956D46DE8}") = "Core", "Core", "{6CAD1FAC-03C3-43EB-8975-7F2280447792}"
EndProject
Project("{FAE04EC0-301F-11D3-BF4B-00C04F79EFBC}") = "App.Domain", "App.Domain\App.Domain.csproj", "{282DD2E4-B261-4387-B448-B9962ACBAC94}"
EndProject
Project("{FAE04EC0-301F-11D3-BF4B-00C04F79EFBC}") = "App.Application", "App.Application\App.Application.csproj", "{495A7F7B-F464-476F-A2CA-D5CE174CF7FF}"
EndProject
Project("{2150E333-8FDC-42A3-9474-1A3956D46DE8}") = "Infrastructure", "Infrastructure", "{B6EED285-6CA7-431F-89F7-8DFF845EB694}"
EndProject
Project("{FAE04EC0-301F-11D3-BF4B-00C04F79EFBC}") = "App.Infrastructure", "App.Infrastructure\App.Infrastructure.csproj", "{BA2D717C-19AC-44F8-94AE-24E888BB84FC}"
EndProject
Project("{2150E333-8FDC-42A3-9474-1A3956D46DE8}") = "Shared", "Shared", "{90D2C1FF-DC92-4B1D-80D4-4FF39EF99120}"
EndProject
Project("{FAE04EC0-301F-11D3-BF4B-00C04F79EFBC}") = "App.Common", "App.Common\App.Common.csproj", "{D57B6972-73E6-4B61-AEBF-BFBAA441A3D7}"
EndProject
Project("{2150E333-8FDC-42A3-9474-1A3956D46DE8}") = "Presentation", "Presentation", "{18F8C351-59BA-430D-A221-7E3BD1A049F6}"
EndProject
Global
	GlobalSection(SolutionConfigurationPlatforms) = preSolution
		Debug|Any CPU = Debug|Any CPU
		Release|Any CPU = Release|Any CPU
	EndGlobalSection
	GlobalSection(ProjectConfigurationPlatforms) = postSolution
		{EE1BED63-C5C9-42FC-AE85-41BEF04D00F5}.Debug|Any CPU.ActiveCfg = Debug|Any CPU
		{EE1BED63-C5C9-42FC-AE85-41BEF04D00F5}.Debug|Any CPU.Build.0 = Debug|Any CPU
		{EE1BED63-C5C9-42FC-AE85-41BEF04D00F5}.Release|Any CPU.ActiveCfg = Release|Any CPU
		{EE1BED63-C5C9-42FC-AE85-41BEF04D00F5}.Release|Any CPU.Build.0 = Release|Any CPU
		{EA445937-7C3E-4C3F-AD8F-FFF5C15FFF9A}.Debug|Any CPU.ActiveCfg = Debug|Any CPU
		{EA445937-7C3E-4C3F-AD8F-FFF5C15FFF9A}.Debug|Any CPU.Build.0 = Debug|Any CPU
		{EA445937-7C3E-4C3F-AD8F-FFF5C15FFF9A}.Release|Any CPU.ActiveCfg = Release|Any CPU
		{EA445937-7C3E-4C3F-AD8F-FFF5C15FFF9A}.Release|Any CPU.Build.0 = Release|Any CPU
		{5B8F5121-591B-41A6-83D3-B8A9E0130663}.Debug|Any CPU.ActiveCfg = Debug|Any CPU
		{5B8F5121-591B-41A6-83D3-B8A9E0130663}.Debug|Any CPU.Build.0 = Debug|Any CPU
		{5B8F5121-591B-41A6-83D3-B8A9E0130663}.Release|Any CPU.ActiveCfg = Release|Any CPU
		{5B8F5121-591B-41A6-83D3-B8A9E0130663}.Release|Any CPU.Build.0 = Release|Any CPU
		{282DD2E4-B261-4387-B448-B9962ACBAC94}.Debug|Any CPU.ActiveCfg = Debug|Any CPU
		{282DD2E4-B261-4387-B448-B9962ACBAC94}.Debug|Any CPU.Build.0 = Debug|Any CPU
		{282DD2E4-B261-4387-B448-B9962ACBAC94}.Release|Any CPU.ActiveCfg = Release|Any CPU
		{282DD2E4-B261-4387-B448-B9962ACBAC94}.Release|Any CPU.Build.0 = Release|Any CPU
		{495A7F7B-F464-476F-A2CA-D5CE174CF7FF}.Debug|Any CPU.ActiveCfg = Debug|Any CPU
		{495A7F7B-F464-476F-A2CA-D5CE174CF7FF}.Debug|Any CPU.Build.0 = Debug|Any CPU
		{495A7F7B-F464-476F-A2CA-D5CE174CF7FF}.Release|Any CPU.ActiveCfg = Release|Any CPU
		{495A7F7B-F464-476F-A2CA-D5CE174CF7FF}.Release|Any CPU.Build.0 = Release|Any CPU
		{BA2D717C-19AC-44F8-94AE-24E888BB84FC}.Debug|Any CPU.ActiveCfg = Debug|Any CPU
		{BA2D717C-19AC-44F8-94AE-24E888BB84FC}.Debug|Any CPU.Build.0 = Debug|Any CPU
		{BA2D717C-19AC-44F8-94AE-24E888BB84FC}.Release|Any CPU.ActiveCfg = Release|Any CPU
		{BA2D717C-19AC-44F8-94AE-24E888BB84FC}.Release|Any CPU.Build.0 = Release|Any CPU
		{D57B6972-73E6-4B61-AEBF-BFBAA441A3D7}.Debug|Any CPU.ActiveCfg = Debug|Any CPU
		{D57B6972-73E6-4B61-AEBF-BFBAA441A3D7}.Debug|Any CPU.Build.0 = Debug|Any CPU
		{D57B6972-73E6-4B61-AEBF-BFBAA441A3D7}.Release|Any CPU.ActiveCfg = Release|Any CPU
		{D57B6972-73E6-4B61-AEBF-BFBAA441A3D7}.Release|Any CPU.Build.0 = Release|Any CPU
	EndGlobalSection
	GlobalSection(SolutionProperties) = preSolution
		HideSolutionNode = FALSE
	EndGlobalSection
	GlobalSection(NestedProjects) = preSolution
		{EE1BED63-C5C9-42FC-AE85-41BEF04D00F5} = {18F8C351-59BA-430D-A221-7E3BD1A049F6}
		{EA445937-7C3E-4C3F-AD8F-FFF5C15FFF9A} = {18F8C351-59BA-430D-A221-7E3BD1A049F6}
		{5B8F5121-591B-41A6-83D3-B8A9E0130663} = {18F8C351-59BA-430D-A221-7E3BD1A049F6}
		{282DD2E4-B261-4387-B448-B9962ACBAC94} = {6CAD1FAC-03C3-43EB-8975-7F2280447792}
		{495A7F7B-F464-476F-A2CA-D5CE174CF7FF} = {6CAD1FAC-03C3-43EB-8975-7F2280447792}
		{BA2D717C-19AC-44F8-94AE-24E888BB84FC} = {B6EED285-6CA7-431F-89F7-8DFF845EB694}
		{D57B6972-73E6-4B61-AEBF-BFBAA441A3D7} = {90D2C1FF-DC92-4B1D-80D4-4FF39EF99120}
	EndGlobalSection
	GlobalSection(ExtensibilityGlobals) = postSolution
		SolutionGuid = {86228DC5-9ABD-4E37-A778-261FCEE520C1}
	EndGlobalSection
EndGlobal
